
Microsoft Visual Studio Solution File, Format Version 12.00
# Visual Studio 15
VisualStudioVersion = 15.0.28010.2036
MinimumVisualStudioVersion = 10.0.40219.1
Project("{E24C65DC-7377-472B-9ABA-BC803B73C61A}") = "vigor-solutions-site", ".", "{9724BE88-69B1-416A-AE63-53E557C24DE4}"
	ProjectSection(WebsiteProperties) = preProject
		TargetFrameworkMoniker = ".NETFramework,Version%3Dv4.0"
		Debug.AspNetCompiler.VirtualPath = "/localhost_63629"
		Debug.AspNetCompiler.PhysicalPath = "..\vigor-solutions-site\"
		Debug.AspNetCompiler.TargetPath = "PrecompiledWeb\localhost_63629\"
		Debug.AspNetCompiler.Updateable = "true"
		Debug.AspNetCompiler.ForceOverwrite = "true"
		Debug.AspNetCompiler.FixedNames = "false"
		Debug.AspNetCompiler.Debug = "True"
		Release.AspNetCompiler.VirtualPath = "/localhost_63629"
		Release.AspNetCompiler.PhysicalPath = "..\vigor-solutions-site\"
		Release.AspNetCompiler.TargetPath = "PrecompiledWeb\localhost_63629\"
		Release.AspNetCompiler.Updateable = "true"
		Release.AspNetCompiler.ForceOverwrite = "true"
		Release.AspNetCompiler.FixedNames = "false"
		Release.AspNetCompiler.Debug = "False"
		VWDPort = "63629"
		SlnRelativePath = "..\vigor-solutions-site\"
	EndProjectSection
EndProject
Global
	GlobalSection(SolutionConfigurationPlatforms) = preSolution
		Debug|Any CPU = Debug|Any CPU
	EndGlobalSection
	GlobalSection(ProjectConfigurationPlatforms) = postSolution
		{9724BE88-69B1-416A-AE63-53E557C24DE4}.Debug|Any CPU.ActiveCfg = Debug|Any CPU
		{9724BE88-69B1-416A-AE63-53E557C24DE4}.Debug|Any CPU.Build.0 = Debug|Any CPU
	EndGlobalSection
	GlobalSection(SolutionProperties) = preSolution
		HideSolutionNode = FALSE
	EndGlobalSection
	GlobalSection(ExtensibilityGlobals) = postSolution
		SolutionGuid = {B8B025C3-8DC5-48FB-BDE1-4C8179EC4B0B}
	EndGlobalSection
EndGlobal
